
Microsoft Visual Studio Solution File, Format Version 12.00
# Visual Studio Version 17
VisualStudioVersion = 17.4.33122.133
MinimumVisualStudioVersion = 10.0.40219.1
Project("{FAE04EC0-301F-11D3-BF4B-00C04F79EFBC}") = "ConsoleApp1", "ConsoleApp1\ConsoleApp1.csproj", "{E57B55B8-2FB0-4776-B5F2-685E3C4C25BA}"
EndProject
Global
	GlobalSection(SolutionConfigurationPlatforms) = preSolution
		Debug|Any CPU = Debug|Any CPU
		Release|Any CPU = Release|Any CPU
	EndGlobalSection
	GlobalSection(ProjectConfigurationPlatforms) = postSolution
		{E57B55B8-2FB0-4776-B5F2-685E3C4C25BA}.Debug|Any CPU.ActiveCfg = Debug|Any CPU
		{E57B55B8-2FB0-4776-B5F2-685E3C4C25BA}.Debug|Any CPU.Build.0 = Debug|Any CPU
		{E57B55B8-2FB0-4776-B5F2-685E3C4C25BA}.Release|Any CPU.ActiveCfg = Release|Any CPU
		{E57B55B8-2FB0-4776-B5F2-685E3C4C25BA}.Release|Any CPU.Build.0 = Release|Any CPU
	EndGlobalSection
	GlobalSection(SolutionProperties) = preSolution
		HideSolutionNode = FALSE
	EndGlobalSection
	GlobalSection(ExtensibilityGlobals) = postSolution
		SolutionGuid = {8C01EDE7-BD13-4AE0-8496-C9B1EB6E74E8}
	EndGlobalSection
EndGlobal
